
Microsoft Visual Studio Solution File, Format Version 12.00
# Visual Studio Version 17
VisualStudioVersion = 17.7.34031.279
MinimumVisualStudioVersion = 10.0.40219.1
Project("{9A19103F-16F7-4668-BE54-9A1E7A4F7556}") = "Onyx.Products.Api", "Onyx.Products.Api\Onyx.Products.Api.csproj", "{9B7197FF-DB11-4C67-8F5B-4DDD2E4B5DD9}"
EndProject
Project("{2150E333-8FDC-42A3-9474-1A3956D46DE8}") = "src", "src", "{3D46EE4E-F73D-4B4B-8DE9-CAE548620599}"
EndProject
Project("{2150E333-8FDC-42A3-9474-1A3956D46DE8}") = "api", "api", "{4E35D9BA-9913-4932-AAD5-9B0D58A89F84}"
EndProject
Project("{2150E333-8FDC-42A3-9474-1A3956D46DE8}") = "core", "core", "{80FA1186-D297-4AF3-8388-1B6CDE438582}"
EndProject
Project("{2150E333-8FDC-42A3-9474-1A3956D46DE8}") = "Infrastructure", "Infrastructure", "{C02609A7-7A3D-45E1-BF77-B9965523131D}"
EndProject
Project("{2150E333-8FDC-42A3-9474-1A3956D46DE8}") = "Tests", "Tests", "{1CFD2B34-F8D3-413D-9605-8F155A8D7299}"
EndProject
Project("{2150E333-8FDC-42A3-9474-1A3956D46DE8}") = "UnitTests", "UnitTests", "{2BCF628F-3350-4A43-8E12-AA334E27EBD9}"
EndProject
Project("{2150E333-8FDC-42A3-9474-1A3956D46DE8}") = "Solution Items", "Solution Items", "{B5FD0CC3-B2C5-4C80-8732-523A31CFFC11}"
	ProjectSection(SolutionItems) = preProject
		Readme.txt = Readme.txt
	EndProjectSection
EndProject
Project("{9A19103F-16F7-4668-BE54-9A1E7A4F7556}") = "Onyx.Core.Application", "Onyx.Core.Application\Onyx.Core.Application.csproj", "{F4B0A807-1D13-49E1-B909-0ED41B7CD9D3}"
EndProject
Project("{9A19103F-16F7-4668-BE54-9A1E7A4F7556}") = "Onyx.Auth.Service", "Onyx.Auth.Service\Onyx.Auth.Service.csproj", "{F744799B-C875-4BB3-A699-CC2250D81E23}"
EndProject
Project("{9A19103F-16F7-4668-BE54-9A1E7A4F7556}") = "Onyx.Product.Database", "Onyx.Product.Database\Onyx.Product.Database.csproj", "{E3F6B08D-C566-4608-9B95-440C8B27A0C8}"
EndProject
Project("{9A19103F-16F7-4668-BE54-9A1E7A4F7556}") = "Products.Api.UnitTests", "Products.Api.UnitTests\Products.Api.UnitTests.csproj", "{EBC6B89B-6F63-4C27-AF71-DEE7E169BA59}"
EndProject
Project("{9A19103F-16F7-4668-BE54-9A1E7A4F7556}") = "IntegrationTests", "IntegrationTests\IntegrationTests.csproj", "{E3A1CEB6-9F14-461D-BC16-0C18E7249ED8}"
EndProject
Global
	GlobalSection(SolutionConfigurationPlatforms) = preSolution
		Debug|Any CPU = Debug|Any CPU
		Release|Any CPU = Release|Any CPU
	EndGlobalSection
	GlobalSection(ProjectConfigurationPlatforms) = postSolution
		{9B7197FF-DB11-4C67-8F5B-4DDD2E4B5DD9}.Debug|Any CPU.ActiveCfg = Debug|Any CPU
		{9B7197FF-DB11-4C67-8F5B-4DDD2E4B5DD9}.Debug|Any CPU.Build.0 = Debug|Any CPU
		{9B7197FF-DB11-4C67-8F5B-4DDD2E4B5DD9}.Release|Any CPU.ActiveCfg = Release|Any CPU
		{9B7197FF-DB11-4C67-8F5B-4DDD2E4B5DD9}.Release|Any CPU.Build.0 = Release|Any CPU
		{F4B0A807-1D13-49E1-B909-0ED41B7CD9D3}.Debug|Any CPU.ActiveCfg = Debug|Any CPU
		{F4B0A807-1D13-49E1-B909-0ED41B7CD9D3}.Debug|Any CPU.Build.0 = Debug|Any CPU
		{F4B0A807-1D13-49E1-B909-0ED41B7CD9D3}.Release|Any CPU.ActiveCfg = Release|Any CPU
		{F4B0A807-1D13-49E1-B909-0ED41B7CD9D3}.Release|Any CPU.Build.0 = Release|Any CPU
		{F744799B-C875-4BB3-A699-CC2250D81E23}.Debug|Any CPU.ActiveCfg = Debug|Any CPU
		{F744799B-C875-4BB3-A699-CC2250D81E23}.Debug|Any CPU.Build.0 = Debug|Any CPU
		{F744799B-C875-4BB3-A699-CC2250D81E23}.Release|Any CPU.ActiveCfg = Release|Any CPU
		{F744799B-C875-4BB3-A699-CC2250D81E23}.Release|Any CPU.Build.0 = Release|Any CPU
		{E3F6B08D-C566-4608-9B95-440C8B27A0C8}.Debug|Any CPU.ActiveCfg = Debug|Any CPU
		{E3F6B08D-C566-4608-9B95-440C8B27A0C8}.Debug|Any CPU.Build.0 = Debug|Any CPU
		{E3F6B08D-C566-4608-9B95-440C8B27A0C8}.Release|Any CPU.ActiveCfg = Release|Any CPU
		{E3F6B08D-C566-4608-9B95-440C8B27A0C8}.Release|Any CPU.Build.0 = Release|Any CPU
		{EBC6B89B-6F63-4C27-AF71-DEE7E169BA59}.Debug|Any CPU.ActiveCfg = Debug|Any CPU
		{EBC6B89B-6F63-4C27-AF71-DEE7E169BA59}.Debug|Any CPU.Build.0 = Debug|Any CPU
		{EBC6B89B-6F63-4C27-AF71-DEE7E169BA59}.Release|Any CPU.ActiveCfg = Release|Any CPU
		{EBC6B89B-6F63-4C27-AF71-DEE7E169BA59}.Release|Any CPU.Build.0 = Release|Any CPU
		{E3A1CEB6-9F14-461D-BC16-0C18E7249ED8}.Debug|Any CPU.ActiveCfg = Debug|Any CPU
		{E3A1CEB6-9F14-461D-BC16-0C18E7249ED8}.Debug|Any CPU.Build.0 = Debug|Any CPU
		{E3A1CEB6-9F14-461D-BC16-0C18E7249ED8}.Release|Any CPU.ActiveCfg = Release|Any CPU
		{E3A1CEB6-9F14-461D-BC16-0C18E7249ED8}.Release|Any CPU.Build.0 = Release|Any CPU
	EndGlobalSection
	GlobalSection(SolutionProperties) = preSolution
		HideSolutionNode = FALSE
	EndGlobalSection
	GlobalSection(NestedProjects) = preSolution
		{9B7197FF-DB11-4C67-8F5B-4DDD2E4B5DD9} = {4E35D9BA-9913-4932-AAD5-9B0D58A89F84}
		{4E35D9BA-9913-4932-AAD5-9B0D58A89F84} = {3D46EE4E-F73D-4B4B-8DE9-CAE548620599}
		{80FA1186-D297-4AF3-8388-1B6CDE438582} = {3D46EE4E-F73D-4B4B-8DE9-CAE548620599}
		{C02609A7-7A3D-45E1-BF77-B9965523131D} = {3D46EE4E-F73D-4B4B-8DE9-CAE548620599}
		{1CFD2B34-F8D3-413D-9605-8F155A8D7299} = {3D46EE4E-F73D-4B4B-8DE9-CAE548620599}
		{2BCF628F-3350-4A43-8E12-AA334E27EBD9} = {1CFD2B34-F8D3-413D-9605-8F155A8D7299}
		{F4B0A807-1D13-49E1-B909-0ED41B7CD9D3} = {80FA1186-D297-4AF3-8388-1B6CDE438582}
		{F744799B-C875-4BB3-A699-CC2250D81E23} = {C02609A7-7A3D-45E1-BF77-B9965523131D}
		{E3F6B08D-C566-4608-9B95-440C8B27A0C8} = {C02609A7-7A3D-45E1-BF77-B9965523131D}
		{EBC6B89B-6F63-4C27-AF71-DEE7E169BA59} = {2BCF628F-3350-4A43-8E12-AA334E27EBD9}
		{E3A1CEB6-9F14-461D-BC16-0C18E7249ED8} = {1CFD2B34-F8D3-413D-9605-8F155A8D7299}
	EndGlobalSection
	GlobalSection(ExtensibilityGlobals) = postSolution
		SolutionGuid = {7538C820-78BD-4E49-866C-3BD4B35DC100}
	EndGlobalSection
EndGlobal
